Microsoft Visual Studio Solution File, Format Version 12.00
# Visual Studio Version 17
VisualStudioVersion = 17.5.2.0
MinimumVisualStudioVersion = 10.0.40219.1
Project("{FAE04EC0-301F-11D3-BF4B-00C04F79EFBC}") = "dotnetlab", "dotnetlab.csproj", "{4D291FCB-F2C5-09AA-45DD-734516CC20FB}"
EndProject
Global
	GlobalSection(SolutionConfigurationPlatforms) = preSolution
		Debug|Any CPU = Debug|Any CPU
		Release|Any CPU = Release|Any CPU
	EndGlobalSection
	GlobalSection(ProjectConfigurationPlatforms) = postSolution
		{4D291FCB-F2C5-09AA-45DD-734516CC20FB}.Debug|Any CPU.ActiveCfg = Debug|Any CPU
		{4D291FCB-F2C5-09AA-45DD-734516CC20FB}.Debug|Any CPU.Build.0 = Debug|Any CPU
		{4D291FCB-F2C5-09AA-45DD-734516CC20FB}.Release|Any CPU.ActiveCfg = Release|Any CPU
		{4D291FCB-F2C5-09AA-45DD-734516CC20FB}.Release|Any CPU.Build.0 = Release|Any CPU
	EndGlobalSection
	GlobalSection(SolutionProperties) = preSolution
		HideSolutionNode = FALSE
	EndGlobalSection
	GlobalSection(ExtensibilityGlobals) = postSolution
		SolutionGuid = {E498EE1D-2B2C-463E-8520-B7CA77E95053}
	EndGlobalSection
EndGlobal
